
Microsoft Visual Studio Solution File, Format Version 12.00
# Visual Studio Version 16
VisualStudioVersion = 16.0.31729.503
MinimumVisualStudioVersion = 10.0.40219.1
Project("{FAE04EC0-301F-11D3-BF4B-00C04F79EFBC}") = "P3_3_1204039", "P3_3_1204039\P3_3_1204039.csproj", "{9B206C14-8289-4E29-B065-143BFF077E05}"
EndProject
Global
	GlobalSection(SolutionConfigurationPlatforms) = preSolution
		Debug|Any CPU = Debug|Any CPU
		Release|Any CPU = Release|Any CPU
	EndGlobalSection
	GlobalSection(ProjectConfigurationPlatforms) = postSolution
		{9B206C14-8289-4E29-B065-143BFF077E05}.Debug|Any CPU.ActiveCfg = Debug|Any CPU
		{9B206C14-8289-4E29-B065-143BFF077E05}.Debug|Any CPU.Build.0 = Debug|Any CPU
		{9B206C14-8289-4E29-B065-143BFF077E05}.Release|Any CPU.ActiveCfg = Release|Any CPU
		{9B206C14-8289-4E29-B065-143BFF077E05}.Release|Any CPU.Build.0 = Release|Any CPU
	EndGlobalSection
	GlobalSection(SolutionProperties) = preSolution
		HideSolutionNode = FALSE
	EndGlobalSection
	GlobalSection(ExtensibilityGlobals) = postSolution
		SolutionGuid = {7089559D-F7DC-43F1-9499-EC63BB069573}
	EndGlobalSection
EndGlobal
